
Microsoft Visual Studio Solution File, Format Version 12.00
# Visual Studio Version 16
VisualStudioVersion = 16.0.30320.27
MinimumVisualStudioVersion = 10.0.40219.1
Project("{FAE04EC0-301F-11D3-BF4B-00C04F79EFBC}") = "NoodleScripter", "NoodleScripter\NoodleScripter.csproj", "{D1A13903-AA88-4A10-BF63-008196A6BFFC}"
EndProject
Global
	GlobalSection(SolutionConfigurationPlatforms) = preSolution
		Debug|Any CPU = Debug|Any CPU
		Debug|ARM = Debug|ARM
		Debug|ARM64 = Debug|ARM64
		Debug|x64 = Debug|x64
		Debug|x86 = Debug|x86
		Release|Any CPU = Release|Any CPU
		Release|ARM = Release|ARM
		Release|ARM64 = Release|ARM64
		Release|x64 = Release|x64
		Release|x86 = Release|x86
	EndGlobalSection
	GlobalSection(ProjectConfigurationPlatforms) = postSolution
		{D1A13903-AA88-4A10-BF63-008196A6BFFC}.Debug|Any CPU.ActiveCfg = Debug|Any CPU
		{D1A13903-AA88-4A10-BF63-008196A6BFFC}.Debug|Any CPU.Build.0 = Debug|Any CPU
		{D1A13903-AA88-4A10-BF63-008196A6BFFC}.Debug|ARM.ActiveCfg = Debug|Any CPU
		{D1A13903-AA88-4A10-BF63-008196A6BFFC}.Debug|ARM.Build.0 = Debug|Any CPU
		{D1A13903-AA88-4A10-BF63-008196A6BFFC}.Debug|ARM64.ActiveCfg = Debug|Any CPU
		{D1A13903-AA88-4A10-BF63-008196A6BFFC}.Debug|ARM64.Build.0 = Debug|Any CPU
		{D1A13903-AA88-4A10-BF63-008196A6BFFC}.Debug|x64.ActiveCfg = Debug|Any CPU
		{D1A13903-AA88-4A10-BF63-008196A6BFFC}.Debug|x64.Build.0 = Debug|Any CPU
		{D1A13903-AA88-4A10-BF63-008196A6BFFC}.Debug|x86.ActiveCfg = Debug|Any CPU
		{D1A13903-AA88-4A10-BF63-008196A6BFFC}.Debug|x86.Build.0 = Debug|Any CPU
		{D1A13903-AA88-4A10-BF63-008196A6BFFC}.Release|Any CPU.ActiveCfg = Release|Any CPU
		{D1A13903-AA88-4A10-BF63-008196A6BFFC}.Release|Any CPU.Build.0 = Release|Any CPU
		{D1A13903-AA88-4A10-BF63-008196A6BFFC}.Release|ARM.ActiveCfg = Release|Any CPU
		{D1A13903-AA88-4A10-BF63-008196A6BFFC}.Release|ARM.Build.0 = Release|Any CPU
		{D1A13903-AA88-4A10-BF63-008196A6BFFC}.Release|ARM64.ActiveCfg = Release|Any CPU
		{D1A13903-AA88-4A10-BF63-008196A6BFFC}.Release|ARM64.Build.0 = Release|Any CPU
		{D1A13903-AA88-4A10-BF63-008196A6BFFC}.Release|x64.ActiveCfg = Release|Any CPU
		{D1A13903-AA88-4A10-BF63-008196A6BFFC}.Release|x64.Build.0 = Release|Any CPU
		{D1A13903-AA88-4A10-BF63-008196A6BFFC}.Release|x86.ActiveCfg = Release|Any CPU
		{D1A13903-AA88-4A10-BF63-008196A6BFFC}.Release|x86.Build.0 = Release|Any CPU
	EndGlobalSection
	GlobalSection(SolutionProperties) = preSolution
		HideSolutionNode = FALSE
	EndGlobalSection
	GlobalSection(ExtensibilityGlobals) = postSolution
		SolutionGuid = {5A38FB18-460C-4C69-B377-018BEDD908AE}
	EndGlobalSection
EndGlobal
